// !$*UTF8*$!
{
	archiveVersion = 1;
	classes = {
	};
	objectVersion = 46;
	objects = {

/* Begin PBXBuildFile section */
		0357479F1E77F86F00CC9FCF /* AppDelegate.swift in Sources */ = {isa = PBXBuildFile; fileRef = 0357479E1E77F86F00CC9FCF /* AppDelegate.swift */; };
		035747A11E77F86F00CC9FCF /* ViewController.swift in Sources */ = {isa = PBXBuildFile; fileRef = 035747A01E77F86F00CC9FCF /* ViewController.swift */; };
		035747A41E77F86F00CC9FCF /* Main.storyboard in Resources */ = {isa = PBXBuildFile; fileRef = 035747A21E77F86F00CC9FCF /* Main.storyboard */; };
		035747A61E77F86F00CC9FCF /* Assets.xcassets in Resources */ = {isa = PBXBuildFile; fileRef = 035747A51E77F86F00CC9FCF /* Assets.xcassets */; };
		035747A91E77F86F00CC9FCF /* LaunchScreen.storyboard in Resources */ = {isa = PBXBuildFile; fileRef = 035747A71E77F86F00CC9FCF /* LaunchScreen.storyboard */; };
/* End PBXBuildFile section */

/* Begin PBXFileReference section */
		0357479B1E77F86F00CC9FCF /* conttest.app */ = {isa = PBXFileReference; explicitFileType = wrapper.application; includeInIndex = 0; path = conttest.app; sourceTree = BUILT_PRODUCTS_DIR; };
		0357479E1E77F86F00CC9FCF /* AppDelegate.swift */ = {isa = PBXFileReference; lastKnownFileType = sourcecode.swift; path = AppDelegate.swift; sourceTree = "<group>"; };
		035747A01E77F86F00CC9FCF /* ViewController.swift */ = {isa = PBXFileReference; lastKnownFileType = sourcecode.swift; path = ViewController.swift; sourceTree = "<group>"; };
		035747A31E77F86F00CC9FCF /* Base */ = {isa = PBXFileReference; lastKnownFileType = file.storyboard; name = Base; path = Base.lproj/Main.storyboard; sourceTree = "<group>"; };
		035747A51E77F86F00CC9FCF /* Assets.xcassets */ = {isa = PBXFileReference; lastKnownFileType = folder.assetcatalog; path = Assets.xcassets; sourceTree = "<group>"; };
		035747A81E77F86F00CC9FCF /* Base */ = {isa = PBXFileReference; lastKnownFileType = file.storyboard; name = Base; path = Base.lproj/LaunchScreen.storyboard; sourceTree = "<group>"; };
		035747AA1E77F86F00CC9FCF /* Info.plist */ = {isa = PBXFileReference; lastKnownFileType = text.plist.xml; path = Info.plist; sourceTree = "<group>"; };
/* End PBXFileReference section */

/* Begin PBXFrameworksBuildPhase section */
		035747981E77F86F00CC9FCF /* Frameworks */ = {
			isa = PBXFrameworksBuildPhase;
			buildActionMask = 2147483647;
			files = (
			);
			runOnlyForDeploymentPostprocessing = 0;
		};
/* End PBXFrameworksBuildPhase section */

/* Begin PBXGroup section */
		035747921E77F86F00CC9FCF = {
			isa = PBXGroup;
			children = (
				0357479D1E77F86F00CC9FCF /* conttest */,
				0357479C1E77F86F00CC9FCF /* Products */,
			);
			sourceTree = "<group>";
		};
		0357479C1E77F86F00CC9FCF /* Products */ = {
			isa = PBXGroup;
			children = (
				0357479B1E77F86F00CC9FCF /* conttest.app */,
			);
			name = Products;
			sourceTree = "<group>";
		};
		0357479D1E77F86F00CC9FCF /* conttest */ = {
			isa = PBXGroup;
			children = (
				0357479E1E77F86F00CC9FCF /* AppDelegate.swift */,
				035747A01E77F86F00CC9FCF /* ViewController.swift */,
				035747A21E77F86F00CC9FCF /* Main.storyboard */,
				035747A51E77F86F00CC9FCF /* Assets.xcassets */,
				035747A71E77F86F00CC9FCF /* LaunchScreen.storyboard */,
				035747AA1E77F86F00CC9FCF /* Info.plist */,
			);
			path = conttest;
			sourceTree = "<group>";
		};
/* End PBXGroup section */

/* Begin PBXNativeTarget section */
		0357479A1E77F86F00CC9FCF /* conttest */ = {
			isa = PBXNativeTarget;
			buildConfigurationList = 035747AD1E77F86F00CC9FCF /* Build configuration list for PBXNativeTarget "conttest" */;
			buildPhases = (
				035747971E77F86F00CC9FCF /* Sources */,
				035747981E77F86F00CC9FCF /* Frameworks */,
				035747991E77F86F00CC9FCF /* Resources */,
			);
			buildRules = (
			);
			dependencies = (
			);
			name = conttest;
			productName = conttest;
			productReference = 0357479B1E77F86F00CC9FCF /* conttest.app */;
			productType = "com.apple.product-type.application";
		};
/* End PBXNativeTarget section */

/* Begin PBXProject section */
		035747931E77F86F00CC9FCF /* Project object */ = {
			isa = PBXProject;
			attributes = {
				LastSwiftUpdateCheck = 0820;
				LastUpgradeCheck = 0820;
				ORGANIZATIONNAME = "d.r. van wel";
				TargetAttributes = {
					0357479A1E77F86F00CC9FCF = {
						CreatedOnToolsVersion = 8.2.1;
						DevelopmentTeam = Z44AU8D3VP;
						ProvisioningStyle = Automatic;
					};
				};
			};
			buildConfigurationList = 035747961E77F86F00CC9FCF /* Build configuration list for PBXProject "conttest" */;
			compatibilityVersion = "Xcode 3.2";
			developmentRegion = English;
			hasScannedForEncodings = 0;
			knownRegions = (
				en,
				Base,
			);
			mainGroup = 035747921E77F86F00CC9FCF;
			productRefGroup = 0357479C1E77F86F00CC9FCF /* Products */;
			projectDirPath = "";
			projectRoot = "";
			targets = (
				0357479A1E77F86F00CC9FCF /* conttest */,
			);
		};
/* End PBXProject section */

/* Begin PBXResourcesBuildPhase section */
		035747991E77F86F00CC9FCF /* Resources */ = {
			isa = PBXResourcesBuildPhase;
			buildActionMask = 2147483647;
			files = (
				035747A91E77F86F00CC9FCF /* LaunchScreen.storyboard in Resources */,
				035747A61E77F86F00CC9FCF /* Assets.xcassets in Resources */,
				035747A41E77F86F00CC9FCF /* Main.storyboard in Resources */,
			);
			runOnlyForDeploymentPostprocessing = 0;
		};
/* End PBXResourcesBuildPhase section */

/* Begin PBXSourcesBuildPhase section */
		035747971E77F86F00CC9FCF /* Sources */ = {
			isa = PBXSourcesBuildPhase;
			buildActionMask = 2147483647;
			files = (
				035747A11E77F86F00CC9FCF /* ViewController.swift in Sources */,
				0357479F1E77F86F00CC9FCF /* AppDelegate.swift in Sources */,
			);
			runOnlyForDeploymentPostprocessing = 0;
		};
/* End PBXSourcesBuildPhase section */

/* Begin PBXVariantGroup section */
		035747A21E77F86F00CC9FCF /* Main.storyboard */ = {
			isa = PBXVariantGroup;
			children = (
				035747A31E77F86F00CC9FCF /* Base */,
			);
			name = Main.storyboard;
			sourceTree = "<group>";
		};
		035747A71E77F86F00CC9FCF /* LaunchScreen.storyboard */ = {
			isa = PBXVariantGroup;
			children = (
				035747A81E77F86F00CC9FCF /* Base */,
			);
			name = LaunchScreen.storyboard;
			sourceTree = "<group>";
		};
/* End PBXVariantGroup section */

/* Begin XCBuildConfiguration section */
		035747AB1E77F86F00CC9FCF /* Debug */ = {
			isa = XCBuildConfiguration;
			buildSettings = {
				ALWAYS_SEARCH_USER_PATHS = NO;
				CLANG_ANALYZER_NONNULL = YES;
				CLANG_CXX_LANGUAGE_STANDARD = "gnu++0x";
				CLANG_CXX_LIBRARY = "libc++";
				CLANG_ENABLE_MODULES = YES;
				CLANG_ENABLE_OBJC_ARC = YES;
				CLANG_WARN_BOOL_CONVERSION = YES;
				CLANG_WARN_CONSTANT_CONVERSION = YES;
				CLANG_WARN_DIRECT_OBJC_ISA_USAGE = YES_ERROR;
				CLANG_WARN_DOCUMENTATION_COMMENTS = YES;
				CLANG_WARN_EMPTY_BODY = YES;
				CLANG_WARN_ENUM_CONVERSION = YES;
				CLANG_WARN_INFINITE_RECURSION = YES;
				CLANG_WARN_INT_CONVERSION = YES;
				CLANG_WARN_OBJC_ROOT_CLASS = YES_ERROR;
				CLANG_WARN_SUSPICIOUS_MOVE = YES;
				CLANG_WARN_UNREACHABLE_CODE = YES;
				CLANG_WARN__DUPLICATE_METHOD_MATCH = YES;
				"CODE_SIGN_IDENTITY[sdk=iphoneos*]" = "iPhone Developer";
				COPY_PHASE_STRIP = NO;
				DEBUG_INFORMATION_FORMAT = dwarf;
				ENABLE_STRICT_OBJC_MSGSEND = YES;
				ENABLE_TESTABILITY = YES;
				GCC_C_LANGUAGE_STANDARD = gnu99;
				GCC_DYNAMIC_NO_PIC = NO;
				GCC_NO_COMMON_BLOCKS = YES;
				GCC_OPTIMIZATION_LEVEL = 0;
				GCC_PREPROCESSOR_DEFINITIONS = (
					"DEBUG=1",
					"$(inherited)",
				);
				GCC_WARN_64_TO_32_BIT_CONVERSION = YES;
				GCC_WARN_ABOUT_RETURN_TYPE = YES_ERROR;
				GCC_WARN_UNDECLARED_SELECTOR = YES;
				GCC_WARN_UNINITIALIZED_AUTOS = YES_AGGRESSIVE;
				GCC_WARN_UNUSED_FUNCTION = YES;
				GCC_WARN_UNUSED_VARIABLE = YES;
				IPHONEOS_DEPLOYMENT_TARGET = 10.2;
				MTL_ENABLE_DEBUG_INFO = YES;
				ONLY_ACTIVE_ARCH = YES;
				SDKROOT = iphoneos;
				SWIFT_ACTIVE_COMPILATION_CONDITIONS = DEBUG;
				SWIFT_OPTIMIZATION_LEVEL = "-Onone";
				TARGETED_DEVICE_FAMILY = "1,2";
			};
			name = Debug;
		};
		035747AC1E77F86F00CC9FCF /* Release */ = {
			isa = XCBuildConfiguration;
			buildSettings = {
				ALWAYS_SEARCH_USER_PATHS = NO;
				CLANG_ANALYZER_NONNULL = YES;
				CLANG_CXX_LANGUAGE_STANDARD = "gnu++0x";
				CLANG_CXX_LIBRARY = "libc++";
				CLANG_ENABLE_MODULES = YES;
				CLANG_ENABLE_OBJC_ARC = YES;
				CLANG_WARN_BOOL_CONVERSION = YES;
				CLANG_WARN_CONSTANT_CONVERSION = YES;
				CLANG_WARN_DIRECT_OBJC_ISA_USAGE = YES_ERROR;
				CLANG_WARN_DOCUMENTATION_COMMENTS = YES;
				CLANG_WARN_EMPTY_BODY = YES;
				CLANG_WARN_ENUM_CONVERSION = YES;
				CLANG_WARN_INFINITE_RECURSION = YES;
				CLANG_WARN_INT_CONVERSION = YES;
				CLANG_WARN_OBJC_ROOT_CLASS = YES_ERROR;
				CLANG_WARN_SUSPICIOUS_MOVE = YES;
				CLANG_WARN_UNREACHABLE_CODE = YES;
				CLANG_WARN__DUPLICATE_METHOD_MATCH = YES;
				"CODE_SIGN_IDENTITY[sdk=iphoneos*]" = "iPhone Developer";
				COPY_PHASE_STRIP = NO;
				DEBUG_INFORMATION_FORMAT = "dwarf-with-dsym";
				ENABLE_NS_ASSERTIONS = NO;
				ENABLE_STRICT_OBJC_MSGSEND = YES;
				GCC_C_LANGUAGE_STANDARD = gnu99;
				GCC_NO_COMMON_BLOCKS = YES;
				GCC_WARN_64_TO_32_BIT_CONVERSION = YES;
				GCC_WARN_ABOUT_RETURN_TYPE = YES_ERROR;
				GCC_WARN_UNDECLARED_SELECTOR = YES;
				GCC_WARN_UNINITIALIZED_AUTOS = YES_AGGRESSIVE;
				GCC_WARN_UNUSED_FUNCTION = YES;
				GCC_WARN_UNUSED_VARIABLE = YES;
				IPHONEOS_DEPLOYMENT_TARGET = 10.2;
				MTL_ENABLE_DEBUG_INFO = NO;
				SDKROOT = iphoneos;
				SWIFT_OPTIMIZATION_LEVEL = "-Owholemodule";
				TARGETED_DEVICE_FAMILY = "1,2";
				VALIDATE_PRODUCT = YES;
			};
			name = Release;
		};
		035747AE1E77F86F00CC9FCF /* Debug */ = {
			isa = XCBuildConfiguration;
			buildSettings = {
				ASSETCATALOG_COMPILER_APPICON_NAME = AppIcon;
				DEVELOPMENT_TEAM = Z44AU8D3VP;
				INFOPLIST_FILE = conttest/Info.plist;
				LD_RUNPATH_SEARCH_PATHS = "$(inherited) @executable_path/Frameworks";
				PRODUCT_BUNDLE_IDENTIFIER = com.klm.conttest;
				PRODUCT_NAME = "$(TARGET_NAME)";
				SWIFT_VERSION = 3.0;
			};
			name = Debug;
		};
		035747AF1E77F86F00CC9FCF /* Release */ = {
			isa = XCBuildConfiguration;
			buildSettings = {
				ASSETCATALOG_COMPILER_APPICON_NAME = AppIcon;
				DEVELOPMENT_TEAM = Z44AU8D3VP;
				INFOPLIST_FILE = conttest/Info.plist;
				LD_RUNPATH_SEARCH_PATHS = "$(inherited) @executable_path/Frameworks";
				PRODUCT_BUNDLE_IDENTIFIER = com.klm.conttest;
				PRODUCT_NAME = "$(TARGET_NAME)";
				SWIFT_VERSION = 3.0;
			};
			name = Release;
		};
/* End XCBuildConfiguration section */

/* Begin XCConfigurationList section */
		035747961E77F86F00CC9FCF /* Build configuration list for PBXProject "conttest" */ = {
			isa = XCConfigurationList;
			buildConfigurations = (
				035747AB1E77F86F00CC9FCF /* Debug */,
				035747AC1E77F86F00CC9FCF /* Release */,
			);
			defaultConfigurationIsVisible = 0;
			defaultConfigurationName = Release;
		};
		035747AD1E77F86F00CC9FCF /* Build configuration list for PBXNativeTarget "conttest" */ = {
			isa = XCConfigurationList;
			buildConfigurations = (
				035747AE1E77F86F00CC9FCF /* Debug */,
				035747AF1E77F86F00CC9FCF /* Release */,
			);
			defaultConfigurationIsVisible = 0;
		};
/* End XCConfigurationList section */
	};
	rootObject = 035747931E77F86F00CC9FCF /* Project object */;
}
